
Microsoft Visual Studio Solution File, Format Version 12.00
# Visual Studio 15
VisualStudioVersion = 15.0.27130.2024
MinimumVisualStudioVersion = 10.0.40219.1
Project("{FAE04EC0-301F-11D3-BF4B-00C04F79EFBC}") = "ET21_Almacenamiento", "ET21_Almacenamiento\ET21_Almacenamiento.csproj", "{A96B005E-F740-4ABE-8F01-947CA79B1042}"
EndProject
Global
	GlobalSection(SolutionConfigurationPlatforms) = preSolution
		Debug|ARM = Debug|ARM
		Debug|x64 = Debug|x64
		Debug|x86 = Debug|x86
		Release|ARM = Release|ARM
		Release|x64 = Release|x64
		Release|x86 = Release|x86
	EndGlobalSection
	GlobalSection(ProjectConfigurationPlatforms) = postSolution
		{A96B005E-F740-4ABE-8F01-947CA79B1042}.Debug|ARM.ActiveCfg = Debug|ARM
		{A96B005E-F740-4ABE-8F01-947CA79B1042}.Debug|ARM.Build.0 = Debug|ARM
		{A96B005E-F740-4ABE-8F01-947CA79B1042}.Debug|ARM.Deploy.0 = Debug|ARM
		{A96B005E-F740-4ABE-8F01-947CA79B1042}.Debug|x64.ActiveCfg = Debug|x64
		{A96B005E-F740-4ABE-8F01-947CA79B1042}.Debug|x64.Build.0 = Debug|x64
		{A96B005E-F740-4ABE-8F01-947CA79B1042}.Debug|x64.Deploy.0 = Debug|x64
		{A96B005E-F740-4ABE-8F01-947CA79B1042}.Debug|x86.ActiveCfg = Debug|x86
		{A96B005E-F740-4ABE-8F01-947CA79B1042}.Debug|x86.Build.0 = Debug|x86
		{A96B005E-F740-4ABE-8F01-947CA79B1042}.Debug|x86.Deploy.0 = Debug|x86
		{A96B005E-F740-4ABE-8F01-947CA79B1042}.Release|ARM.ActiveCfg = Release|ARM
		{A96B005E-F740-4ABE-8F01-947CA79B1042}.Release|ARM.Build.0 = Release|ARM
		{A96B005E-F740-4ABE-8F01-947CA79B1042}.Release|ARM.Deploy.0 = Release|ARM
		{A96B005E-F740-4ABE-8F01-947CA79B1042}.Release|x64.ActiveCfg = Release|x64
		{A96B005E-F740-4ABE-8F01-947CA79B1042}.Release|x64.Build.0 = Release|x64
		{A96B005E-F740-4ABE-8F01-947CA79B1042}.Release|x64.Deploy.0 = Release|x64
		{A96B005E-F740-4ABE-8F01-947CA79B1042}.Release|x86.ActiveCfg = Release|x86
		{A96B005E-F740-4ABE-8F01-947CA79B1042}.Release|x86.Build.0 = Release|x86
		{A96B005E-F740-4ABE-8F01-947CA79B1042}.Release|x86.Deploy.0 = Release|x86
	EndGlobalSection
	GlobalSection(SolutionProperties) = preSolution
		HideSolutionNode = FALSE
	EndGlobalSection
	GlobalSection(ExtensibilityGlobals) = postSolution
		SolutionGuid = {AA5ACC68-492E-4AB2-B037-27B930B4C4EB}
	EndGlobalSection
EndGlobal
